{
    "name": "community-share",
    "version": "1.0.0",
    "description": "Community sharing platform",
    "main": "index.js",
    "scripts": {
      "start": "node index.js"
    },
    "author": "Your Group",
    "license": "ISC",
    "dependencies": {
      "dotenv": "^10.0.0",
      "express": "^4.17.1",
      "mysql2": "^2.3.0"
    }
  }
  